
Microsoft Visual Studio Solution File, Format Version 12.00
# Visual Studio Version 17
VisualStudioVersion = 17.6.33815.320
MinimumVisualStudioVersion = 10.0.40219.1
Project("{FAE04EC0-301F-11D3-BF4B-00C04F79EFBC}") = "Protocol", "Protocol\Protocol.csproj", "{464604CF-BC3E-4C0C-ACC9-2242787849C1}"
EndProject
Project("{FAE04EC0-301F-11D3-BF4B-00C04F79EFBC}") = "Automation", "Automation\Automation.csproj", "{EC7AE761-CD55-4796-9FFD-B8C0CB551309}"
EndProject
Project("{FAE04EC0-301F-11D3-BF4B-00C04F79EFBC}") = "Function", "Function\Function.csproj", "{01400EDF-9F32-4DE7-9CD7-4DB5F89BB33A}"
EndProject
Project("{FAE04EC0-301F-11D3-BF4B-00C04F79EFBC}") = "XmlSchemas", "XmlSchemas\XmlSchemas.csproj", "{C3071ED0-AA5E-4C69-8936-E0A924F5AA8A}"
EndProject
Global
	GlobalSection(SolutionConfigurationPlatforms) = preSolution
		Debug|Any CPU = Debug|Any CPU
		Release|Any CPU = Release|Any CPU
	EndGlobalSection
	GlobalSection(ProjectConfigurationPlatforms) = postSolution
		{464604CF-BC3E-4C0C-ACC9-2242787849C1}.Debug|Any CPU.ActiveCfg = Debug|Any CPU
		{464604CF-BC3E-4C0C-ACC9-2242787849C1}.Debug|Any CPU.Build.0 = Debug|Any CPU
		{464604CF-BC3E-4C0C-ACC9-2242787849C1}.Release|Any CPU.ActiveCfg = Release|Any CPU
		{464604CF-BC3E-4C0C-ACC9-2242787849C1}.Release|Any CPU.Build.0 = Release|Any CPU
		{EC7AE761-CD55-4796-9FFD-B8C0CB551309}.Debug|Any CPU.ActiveCfg = Debug|Any CPU
		{EC7AE761-CD55-4796-9FFD-B8C0CB551309}.Debug|Any CPU.Build.0 = Debug|Any CPU
		{EC7AE761-CD55-4796-9FFD-B8C0CB551309}.Release|Any CPU.ActiveCfg = Release|Any CPU
		{EC7AE761-CD55-4796-9FFD-B8C0CB551309}.Release|Any CPU.Build.0 = Release|Any CPU
		{01400EDF-9F32-4DE7-9CD7-4DB5F89BB33A}.Debug|Any CPU.ActiveCfg = Debug|Any CPU
		{01400EDF-9F32-4DE7-9CD7-4DB5F89BB33A}.Debug|Any CPU.Build.0 = Debug|Any CPU
		{01400EDF-9F32-4DE7-9CD7-4DB5F89BB33A}.Release|Any CPU.ActiveCfg = Release|Any CPU
		{01400EDF-9F32-4DE7-9CD7-4DB5F89BB33A}.Release|Any CPU.Build.0 = Release|Any CPU
		{C3071ED0-AA5E-4C69-8936-E0A924F5AA8A}.Debug|Any CPU.ActiveCfg = Debug|Any CPU
		{C3071ED0-AA5E-4C69-8936-E0A924F5AA8A}.Debug|Any CPU.Build.0 = Debug|Any CPU
		{C3071ED0-AA5E-4C69-8936-E0A924F5AA8A}.Release|Any CPU.ActiveCfg = Release|Any CPU
		{C3071ED0-AA5E-4C69-8936-E0A924F5AA8A}.Release|Any CPU.Build.0 = Release|Any CPU
	EndGlobalSection
	GlobalSection(SolutionProperties) = preSolution
		HideSolutionNode = FALSE
	EndGlobalSection
	GlobalSection(ExtensibilityGlobals) = postSolution
		SolutionGuid = {B78D8C6E-3D08-4AFF-8986-EE5B9544CAFB}
	EndGlobalSection
EndGlobal
